
Microsoft Visual Studio Solution File, Format Version 12.00
# Visual Studio Version 17
VisualStudioVersion = 17.9.34622.214
MinimumVisualStudioVersion = 10.0.40219.1
Project("{9A19103F-16F7-4668-BE54-9A1E7A4F7556}") = "FamilymadeShopApp", "FamilymadeShopApp\FamilymadeShopApp.csproj", "{205895F9-A7B8-4A74-A642-7E4F5CA7333C}"
EndProject
Project("{FAE04EC0-301F-11D3-BF4B-00C04F79EFBC}") = "SharedLibrary", "SharedLibrary\SharedLibrary.csproj", "{ADA40EE1-02F8-48AE-91DD-FF884D17BA19}"
EndProject
Global
	GlobalSection(SolutionConfigurationPlatforms) = preSolution
		Debug|Any CPU = Debug|Any CPU
		Release|Any CPU = Release|Any CPU
	EndGlobalSection
	GlobalSection(ProjectConfigurationPlatforms) = postSolution
		{205895F9-A7B8-4A74-A642-7E4F5CA7333C}.Debug|Any CPU.ActiveCfg = Debug|Any CPU
		{205895F9-A7B8-4A74-A642-7E4F5CA7333C}.Debug|Any CPU.Build.0 = Debug|Any CPU
		{205895F9-A7B8-4A74-A642-7E4F5CA7333C}.Release|Any CPU.ActiveCfg = Release|Any CPU
		{205895F9-A7B8-4A74-A642-7E4F5CA7333C}.Release|Any CPU.Build.0 = Release|Any CPU
		{ADA40EE1-02F8-48AE-91DD-FF884D17BA19}.Debug|Any CPU.ActiveCfg = Debug|Any CPU
		{ADA40EE1-02F8-48AE-91DD-FF884D17BA19}.Debug|Any CPU.Build.0 = Debug|Any CPU
		{ADA40EE1-02F8-48AE-91DD-FF884D17BA19}.Release|Any CPU.ActiveCfg = Release|Any CPU
		{ADA40EE1-02F8-48AE-91DD-FF884D17BA19}.Release|Any CPU.Build.0 = Release|Any CPU
	EndGlobalSection
	GlobalSection(SolutionProperties) = preSolution
		HideSolutionNode = FALSE
	EndGlobalSection
	GlobalSection(ExtensibilityGlobals) = postSolution
		SolutionGuid = {B60DF81E-C0FF-442C-BEDA-21227F5069EE}
	EndGlobalSection
EndGlobal
